
Microsoft Visual Studio Solution File, Format Version 12.00
# Visual Studio 2012
Project("{FAE04EC0-301F-11D3-BF4B-00C04F79EFBC}") = "Certiply", "Certiply\Certiply.csproj", "{DAFAC4B2-579A-4A27-9084-238E4264CFD6}"
EndProject
Global
	GlobalSection(SolutionConfigurationPlatforms) = preSolution
		Debug|Any CPU = Debug|Any CPU
		Release|Any CPU = Release|Any CPU
	EndGlobalSection
	GlobalSection(ProjectConfigurationPlatforms) = postSolution
		{DAFAC4B2-579A-4A27-9084-238E4264CFD6}.Debug|Any CPU.ActiveCfg = Debug|Any CPU
		{DAFAC4B2-579A-4A27-9084-238E4264CFD6}.Debug|Any CPU.Build.0 = Debug|Any CPU
		{DAFAC4B2-579A-4A27-9084-238E4264CFD6}.Release|Any CPU.ActiveCfg = Release|Any CPU
		{DAFAC4B2-579A-4A27-9084-238E4264CFD6}.Release|Any CPU.Build.0 = Release|Any CPU
	EndGlobalSection
EndGlobal
